
Microsoft Visual Studio Solution File, Format Version 12.00
# Visual Studio Version 16
VisualStudioVersion = 16.0.31424.327
MinimumVisualStudioVersion = 10.0.40219.1
Project("{F184B08F-C81C-45F6-A57F-5ABD9991F28F}") = "Apk installer", "Apk installer.vbproj", "{21BF4BCA-D8D2-4E7E-BDD8-C1DB5CB1D54B}"
EndProject
Global
	GlobalSection(SolutionConfigurationPlatforms) = preSolution
		Debug|Any CPU = Debug|Any CPU
		Release|Any CPU = Release|Any CPU
	EndGlobalSection
	GlobalSection(ProjectConfigurationPlatforms) = postSolution
		{21BF4BCA-D8D2-4E7E-BDD8-C1DB5CB1D54B}.Debug|Any CPU.ActiveCfg = Debug|Any CPU
		{21BF4BCA-D8D2-4E7E-BDD8-C1DB5CB1D54B}.Debug|Any CPU.Build.0 = Debug|Any CPU
		{21BF4BCA-D8D2-4E7E-BDD8-C1DB5CB1D54B}.Release|Any CPU.ActiveCfg = Release|Any CPU
		{21BF4BCA-D8D2-4E7E-BDD8-C1DB5CB1D54B}.Release|Any CPU.Build.0 = Release|Any CPU
	EndGlobalSection
	GlobalSection(SolutionProperties) = preSolution
		HideSolutionNode = FALSE
	EndGlobalSection
	GlobalSection(ExtensibilityGlobals) = postSolution
		SolutionGuid = {087191F1-84CD-4359-9581-F9C6FE4DA866}
	EndGlobalSection
EndGlobal
